
Microsoft Visual Studio Solution File, Format Version 12.00
# Visual Studio Version 16
VisualStudioVersion = 16.0.30114.105
MinimumVisualStudioVersion = 10.0.40219.1
Project("{2150E333-8FDC-42A3-9474-1A3956D46DE8}") = "src", "src", "{AA0B2AE5-79F6-44F5-8C2F-929103A0F1E3}"
EndProject
Project("{FAE04EC0-301F-11D3-BF4B-00C04F79EFBC}") = "IdentityServer", "src\IdentityServer\IdentityServer.csproj", "{E1506F9E-0BE6-48A2-996F-31AEE6FC6C85}"
EndProject
Project("{FAE04EC0-301F-11D3-BF4B-00C04F79EFBC}") = "Api", "src\Api\Api.csproj", "{A41F0119-0D1F-4B93-BC46-9E44EFE3710F}"
EndProject
Project("{FAE04EC0-301F-11D3-BF4B-00C04F79EFBC}") = "Client", "src\Client\Client.csproj", "{40BFFA50-DBA3-4945-8B5A-03C004ADA0DF}"
EndProject
Project("{FAE04EC0-301F-11D3-BF4B-00C04F79EFBC}") = "MvcClient", "src\MvcClient\MvcClient.csproj", "{B1252561-C227-4B23-8280-7DEB9C274072}"
EndProject
Global
	GlobalSection(SolutionConfigurationPlatforms) = preSolution
		Debug|Any CPU = Debug|Any CPU
		Release|Any CPU = Release|Any CPU
	EndGlobalSection
	GlobalSection(SolutionProperties) = preSolution
		HideSolutionNode = FALSE
	EndGlobalSection
	GlobalSection(ProjectConfigurationPlatforms) = postSolution
		{E1506F9E-0BE6-48A2-996F-31AEE6FC6C85}.Debug|Any CPU.ActiveCfg = Debug|Any CPU
		{E1506F9E-0BE6-48A2-996F-31AEE6FC6C85}.Debug|Any CPU.Build.0 = Debug|Any CPU
		{E1506F9E-0BE6-48A2-996F-31AEE6FC6C85}.Release|Any CPU.ActiveCfg = Release|Any CPU
		{E1506F9E-0BE6-48A2-996F-31AEE6FC6C85}.Release|Any CPU.Build.0 = Release|Any CPU
		{A41F0119-0D1F-4B93-BC46-9E44EFE3710F}.Debug|Any CPU.ActiveCfg = Debug|Any CPU
		{A41F0119-0D1F-4B93-BC46-9E44EFE3710F}.Debug|Any CPU.Build.0 = Debug|Any CPU
		{A41F0119-0D1F-4B93-BC46-9E44EFE3710F}.Release|Any CPU.ActiveCfg = Release|Any CPU
		{A41F0119-0D1F-4B93-BC46-9E44EFE3710F}.Release|Any CPU.Build.0 = Release|Any CPU
		{40BFFA50-DBA3-4945-8B5A-03C004ADA0DF}.Debug|Any CPU.ActiveCfg = Debug|Any CPU
		{40BFFA50-DBA3-4945-8B5A-03C004ADA0DF}.Debug|Any CPU.Build.0 = Debug|Any CPU
		{40BFFA50-DBA3-4945-8B5A-03C004ADA0DF}.Release|Any CPU.ActiveCfg = Release|Any CPU
		{40BFFA50-DBA3-4945-8B5A-03C004ADA0DF}.Release|Any CPU.Build.0 = Release|Any CPU
		{B1252561-C227-4B23-8280-7DEB9C274072}.Debug|Any CPU.ActiveCfg = Debug|Any CPU
		{B1252561-C227-4B23-8280-7DEB9C274072}.Debug|Any CPU.Build.0 = Debug|Any CPU
		{B1252561-C227-4B23-8280-7DEB9C274072}.Release|Any CPU.ActiveCfg = Release|Any CPU
		{B1252561-C227-4B23-8280-7DEB9C274072}.Release|Any CPU.Build.0 = Release|Any CPU
	EndGlobalSection
	GlobalSection(NestedProjects) = preSolution
		{E1506F9E-0BE6-48A2-996F-31AEE6FC6C85} = {AA0B2AE5-79F6-44F5-8C2F-929103A0F1E3}
		{A41F0119-0D1F-4B93-BC46-9E44EFE3710F} = {AA0B2AE5-79F6-44F5-8C2F-929103A0F1E3}
		{40BFFA50-DBA3-4945-8B5A-03C004ADA0DF} = {AA0B2AE5-79F6-44F5-8C2F-929103A0F1E3}
		{B1252561-C227-4B23-8280-7DEB9C274072} = {AA0B2AE5-79F6-44F5-8C2F-929103A0F1E3}
	EndGlobalSection
EndGlobal
